
Microsoft Visual Studio Solution File, Format Version 12.00
# Visual Studio Version 17
VisualStudioVersion = 17.8.34316.72
MinimumVisualStudioVersion = 10.0.40219.1
Project("{9A19103F-16F7-4668-BE54-9A1E7A4F7556}") = "Application", "Application\Application.csproj", "{AC463F79-B688-4E64-BDC2-22E24E9D2B86}"
EndProject
Project("{2150E333-8FDC-42A3-9474-1A3956D46DE8}") = "Produto.Api", "Produto.Api", "{1FEC2EAD-31AF-443A-8402-10B38D9713FA}"
EndProject
Project("{2150E333-8FDC-42A3-9474-1A3956D46DE8}") = "Produto.Domain", "Produto.Domain", "{B50EF426-9A61-444A-98A9-35F18B601426}"
EndProject
Project("{2150E333-8FDC-42A3-9474-1A3956D46DE8}") = "Produto.Infra", "Produto.Infra", "{C6FC6FB6-B007-41C3-AFA6-C9893B112E64}"
EndProject
Project("{2150E333-8FDC-42A3-9474-1A3956D46DE8}") = "Produto.Teste", "Produto.Teste", "{53E988EA-F45E-44FF-B337-E794ED798BAE}"
EndProject
Project("{9A19103F-16F7-4668-BE54-9A1E7A4F7556}") = "Domain", "Domain\Domain.csproj", "{08955142-FFB8-4DEB-B122-E3334D0DAEDF}"
EndProject
Project("{9A19103F-16F7-4668-BE54-9A1E7A4F7556}") = "Infra", "Infra\Infra.csproj", "{F5B6C800-4C83-4590-9D03-BDAD0C8B4C53}"
EndProject
Project("{FAE04EC0-301F-11D3-BF4B-00C04F79EFBC}") = "TestProdutos", "TestProdutos\TestProdutos.csproj", "{B12E2509-9C68-4C6E-A1B4-1616B3312DA5}"
EndProject
Global
	GlobalSection(SolutionConfigurationPlatforms) = preSolution
		Debug|Any CPU = Debug|Any CPU
		Release|Any CPU = Release|Any CPU
	EndGlobalSection
	GlobalSection(ProjectConfigurationPlatforms) = postSolution
		{AC463F79-B688-4E64-BDC2-22E24E9D2B86}.Debug|Any CPU.ActiveCfg = Debug|Any CPU
		{AC463F79-B688-4E64-BDC2-22E24E9D2B86}.Debug|Any CPU.Build.0 = Debug|Any CPU
		{AC463F79-B688-4E64-BDC2-22E24E9D2B86}.Release|Any CPU.ActiveCfg = Release|Any CPU
		{AC463F79-B688-4E64-BDC2-22E24E9D2B86}.Release|Any CPU.Build.0 = Release|Any CPU
		{08955142-FFB8-4DEB-B122-E3334D0DAEDF}.Debug|Any CPU.ActiveCfg = Debug|Any CPU
		{08955142-FFB8-4DEB-B122-E3334D0DAEDF}.Debug|Any CPU.Build.0 = Debug|Any CPU
		{08955142-FFB8-4DEB-B122-E3334D0DAEDF}.Release|Any CPU.ActiveCfg = Release|Any CPU
		{08955142-FFB8-4DEB-B122-E3334D0DAEDF}.Release|Any CPU.Build.0 = Release|Any CPU
		{F5B6C800-4C83-4590-9D03-BDAD0C8B4C53}.Debug|Any CPU.ActiveCfg = Debug|Any CPU
		{F5B6C800-4C83-4590-9D03-BDAD0C8B4C53}.Debug|Any CPU.Build.0 = Debug|Any CPU
		{F5B6C800-4C83-4590-9D03-BDAD0C8B4C53}.Release|Any CPU.ActiveCfg = Release|Any CPU
		{F5B6C800-4C83-4590-9D03-BDAD0C8B4C53}.Release|Any CPU.Build.0 = Release|Any CPU
		{B12E2509-9C68-4C6E-A1B4-1616B3312DA5}.Debug|Any CPU.ActiveCfg = Debug|Any CPU
		{B12E2509-9C68-4C6E-A1B4-1616B3312DA5}.Debug|Any CPU.Build.0 = Debug|Any CPU
		{B12E2509-9C68-4C6E-A1B4-1616B3312DA5}.Release|Any CPU.ActiveCfg = Release|Any CPU
		{B12E2509-9C68-4C6E-A1B4-1616B3312DA5}.Release|Any CPU.Build.0 = Release|Any CPU
	EndGlobalSection
	GlobalSection(SolutionProperties) = preSolution
		HideSolutionNode = FALSE
	EndGlobalSection
	GlobalSection(NestedProjects) = preSolution
		{AC463F79-B688-4E64-BDC2-22E24E9D2B86} = {1FEC2EAD-31AF-443A-8402-10B38D9713FA}
		{08955142-FFB8-4DEB-B122-E3334D0DAEDF} = {B50EF426-9A61-444A-98A9-35F18B601426}
		{F5B6C800-4C83-4590-9D03-BDAD0C8B4C53} = {C6FC6FB6-B007-41C3-AFA6-C9893B112E64}
		{B12E2509-9C68-4C6E-A1B4-1616B3312DA5} = {53E988EA-F45E-44FF-B337-E794ED798BAE}
	EndGlobalSection
	GlobalSection(ExtensibilityGlobals) = postSolution
		SolutionGuid = {FBE557D0-2B3F-450C-AA16-D13DCF4CD78B}
	EndGlobalSection
EndGlobal
